PODS:
  - Alamofire (5.4.4)
  - MixedNetworkSys (0.1.0):
    - Alamofire
    - RealReachability
  - RealReachability (1.4.1):
    - RealReachability/Connection (= 1.4.1)
    - RealReachability/Ping (= 1.4.1)
  - RealReachability/Connection (1.4.1)
  - RealReachability/Ping (1.4.1)
  - thenPromise (5.1.2)

DEPENDENCIES:
  - MixedNetworkSys (from `../`)
  - thenPromise

SPEC REPOS:
  trunk:
    - Alamofire
    - RealReachability
    - thenPromise

EXTERNAL SOURCES:
  MixedNetworkSys:
    :path: "../"

SPEC CHECKSUMS:
  Alamofire: f3b09a368f1582ab751b3fff5460276e0d2cf5c9
  MixedNetworkSys: eabdd71dab071f60b99d7a90767dc10de99992cb
  RealReachability: 828e74e3a1e89ba8f54395344637689cf4065c36
  thenPromise: c1a319348c6052652b071d8dd4c6db9984860209

PODFILE CHECKSUM: 5c06d601824d8712ecb56bbb7c6986aa6cc9a7c6

COCOAPODS: 1.11.2
